// !$*UTF8*$!
{
	archiveVersion = 1;
	classes = {
	};
	objectVersion = 50;
	objects = {

/* Begin PBXBuildFile section */
		5C7F70C82660FB43005AC733 /* HudView.swift in Sources */ = {isa = PBXBuildFile; fileRef = 5C7F70C72660FB43005AC733 /* HudView.swift */; };
		5C7F70CA26611D8E005AC733 /* Functions.swift in Sources */ = {isa = PBXBuildFile; fileRef = 5C7F70C926611D8E005AC733 /* Functions.swift */; };
		5C7F70CD26613AFA005AC733 /* Location+CoreDataClass.swift in Sources */ = {isa = PBXBuildFile; fileRef = 5C7F70CB26613AFA005AC733 /* Location+CoreDataClass.swift */; };
		5C7F70CE26613AFA005AC733 /* Location+CoreDataProperties.swift in Sources */ = {isa = PBXBuildFile; fileRef = 5C7F70CC26613AFA005AC733 /* Location+CoreDataProperties.swift */; };
		5C7F70D026624AE0005AC733 /* LocationsViewController.swift in Sources */ = {isa = PBXBuildFile; fileRef = 5C7F70CF26624AE0005AC733 /* LocationsViewController.swift */; };
		5C7F70D2266257F6005AC733 /* LocationCell.swift in Sources */ = {isa = PBXBuildFile; fileRef = 5C7F70D1266257F6005AC733 /* LocationCell.swift */; };
		5CA79FD3265E43BB00D109FD /* AppDelegate.swift in Sources */ = {isa = PBXBuildFile; fileRef = 5CA79FD2265E43BB00D109FD /* AppDelegate.swift */; };
		5CA79FD5265E43BB00D109FD /* SceneDelegate.swift in Sources */ = {isa = PBXBuildFile; fileRef = 5CA79FD4265E43BB00D109FD /* SceneDelegate.swift */; };
		5CA79FD7265E43BB00D109FD /* CurrentLocationViewController.swift in Sources */ = {isa = PBXBuildFile; fileRef = 5CA79FD6265E43BB00D109FD /* CurrentLocationViewController.swift */; };
		5CA79FDA265E43BB00D109FD /* Main.storyboard in Resources */ = {isa = PBXBuildFile; fileRef = 5CA79FD8265E43BB00D109FD /* Main.storyboard */; };
		5CA79FDD265E43BB00D109FD /* MyLocations.xcdatamodeld in Sources */ = {isa = PBXBuildFile; fileRef = 5CA79FDB265E43BB00D109FD /* MyLocations.xcdatamodeld */; };
		5CA79FDF265E43BE00D109FD /* Assets.xcassets in Resources */ = {isa = PBXBuildFile; fileRef = 5CA79FDE265E43BE00D109FD /* Assets.xcassets */; };
		5CA79FE2265E43BE00D109FD /* LaunchScreen.storyboard in Resources */ = {isa = PBXBuildFile; fileRef = 5CA79FE0265E43BE00D109FD /* LaunchScreen.storyboard */; };
		5CA79FEA265FDC9000D109FD /* LocationDetailsViewController.swift in Sources */ = {isa = PBXBuildFile; fileRef = 5CA79FE9265FDC9000D109FD /* LocationDetailsViewController.swift */; };
		5CA79FEC26600B3700D109FD /* CategoryPickerViewController.swift in Sources */ = {isa = PBXBuildFile; fileRef = 5CA79FEB26600B3700D109FD /* CategoryPickerViewController.swift */; };
/* End PBXBuildFile section */

/* Begin PBXFileReference section */
		5C7F70C72660FB43005AC733 /* HudView.swift */ = {isa = PBXFileReference; lastKnownFileType = sourcecode.swift; path = HudView.swift; sourceTree = "<group>"; };
		5C7F70C926611D8E005AC733 /* Functions.swift */ = {isa = PBXFileReference; lastKnownFileType = sourcecode.swift; path = Functions.swift; sourceTree = "<group>"; };
		5C7F70CB26613AFA005AC733 /* Location+CoreDataClass.swift */ = {isa = PBXFileReference; lastKnownFileType = sourcecode.swift; path = "Location+CoreDataClass.swift"; sourceTree = "<group>"; };
		5C7F70CC26613AFA005AC733 /* Location+CoreDataProperties.swift */ = {isa = PBXFileReference; lastKnownFileType = sourcecode.swift; path = "Location+CoreDataProperties.swift"; sourceTree = "<group>"; };
		5C7F70CF26624AE0005AC733 /* LocationsViewController.swift */ = {isa = PBXFileReference; lastKnownFileType = sourcecode.swift; path = LocationsViewController.swift; sourceTree = "<group>"; };
		5C7F70D1266257F6005AC733 /* LocationCell.swift */ = {isa = PBXFileReference; lastKnownFileType = sourcecode.swift; path = LocationCell.swift; sourceTree = "<group>"; };
		5CA79FCF265E43BB00D109FD /* MyLocations.app */ = {isa = PBXFileReference; explicitFileType = wrapper.application; includeInIndex = 0; path = MyLocations.app; sourceTree = BUILT_PRODUCTS_DIR; };
		5CA79FD2265E43BB00D109FD /* AppDelegate.swift */ = {isa = PBXFileReference; lastKnownFileType = sourcecode.swift; path = AppDelegate.swift; sourceTree = "<group>"; };
		5CA79FD4265E43BB00D109FD /* SceneDelegate.swift */ = {isa = PBXFileReference; lastKnownFileType = sourcecode.swift; path = SceneDelegate.swift; sourceTree = "<group>"; };
		5CA79FD6265E43BB00D109FD /* CurrentLocationViewController.swift */ = {isa = PBXFileReference; lastKnownFileType = sourcecode.swift; path = CurrentLocationViewController.swift; sourceTree = "<group>"; };
		5CA79FD9265E43BB00D109FD /* Base */ = {isa = PBXFileReference; lastKnownFileType = file.storyboard; name = Base; path = Base.lproj/Main.storyboard; sourceTree = "<group>"; };
		5CA79FDC265E43BB00D109FD /* MyLocations.xcdatamodel */ = {isa = PBXFileReference; lastKnownFileType = wrapper.xcdatamodel; path = MyLocations.xcdatamodel; sourceTree = "<group>"; };
		5CA79FDE265E43BE00D109FD /* Assets.xcassets */ = {isa = PBXFileReference; lastKnownFileType = folder.assetcatalog; path = Assets.xcassets; sourceTree = "<group>"; };
		5CA79FE1265E43BE00D109FD /* Base */ = {isa = PBXFileReference; lastKnownFileType = file.storyboard; name = Base; path = Base.lproj/LaunchScreen.storyboard; sourceTree = "<group>"; };
		5CA79FE3265E43BE00D109FD /* Info.plist */ = {isa = PBXFileReference; lastKnownFileType = text.plist.xml; path = Info.plist; sourceTree = "<group>"; };
		5CA79FE9265FDC9000D109FD /* LocationDetailsViewController.swift */ = {isa = PBXFileReference; lastKnownFileType = sourcecode.swift; path = LocationDetailsViewController.swift; sourceTree = "<group>"; };
		5CA79FEB26600B3700D109FD /* CategoryPickerViewController.swift */ = {isa = PBXFileReference; lastKnownFileType = sourcecode.swift; path = CategoryPickerViewController.swift; sourceTree = "<group>"; };
/* End PBXFileReference section */

/* Begin PBXFrameworksBuildPhase section */
		5CA79FCC265E43BB00D109FD /* Frameworks */ = {
			isa = PBXFrameworksBuildPhase;
			buildActionMask = 2147483647;
			files = (
			);
			runOnlyForDeploymentPostprocessing = 0;
		};
/* End PBXFrameworksBuildPhase section */

/* Begin PBXGroup section */
		5CA79FC6265E43BB00D109FD = {
			isa = PBXGroup;
			children = (
				5C7F70CB26613AFA005AC733 /* Location+CoreDataClass.swift */,
				5C7F70CC26613AFA005AC733 /* Location+CoreDataProperties.swift */,
				5CA79FD1265E43BB00D109FD /* MyLocations */,
				5CA79FD0265E43BB00D109FD /* Products */,
			);
			sourceTree = "<group>";
		};
		5CA79FD0265E43BB00D109FD /* Products */ = {
			isa = PBXGroup;
			children = (
				5CA79FCF265E43BB00D109FD /* MyLocations.app */,
			);
			name = Products;
			sourceTree = "<group>";
		};
		5CA79FD1265E43BB00D109FD /* MyLocations */ = {
			isa = PBXGroup;
			children = (
				5CA79FD2265E43BB00D109FD /* AppDelegate.swift */,
				5CA79FD4265E43BB00D109FD /* SceneDelegate.swift */,
				5CA79FD6265E43BB00D109FD /* CurrentLocationViewController.swift */,
				5CA79FE9265FDC9000D109FD /* LocationDetailsViewController.swift */,
				5CA79FEB26600B3700D109FD /* CategoryPickerViewController.swift */,
				5C7F70CF26624AE0005AC733 /* LocationsViewController.swift */,
				5C7F70D1266257F6005AC733 /* LocationCell.swift */,
				5C7F70C72660FB43005AC733 /* HudView.swift */,
				5C7F70C926611D8E005AC733 /* Functions.swift */,
				5CA79FD8265E43BB00D109FD /* Main.storyboard */,
				5CA79FDE265E43BE00D109FD /* Assets.xcassets */,
				5CA79FE0265E43BE00D109FD /* LaunchScreen.storyboard */,
				5CA79FE3265E43BE00D109FD /* Info.plist */,
				5CA79FDB265E43BB00D109FD /* MyLocations.xcdatamodeld */,
			);
			path = MyLocations;
			sourceTree = "<group>";
		};
/* End PBXGroup section */

/* Begin PBXNativeTarget section */
		5CA79FCE265E43BB00D109FD /* MyLocations */ = {
			isa = PBXNativeTarget;
			buildConfigurationList = 5CA79FE6265E43BE00D109FD /* Build configuration list for PBXNativeTarget "MyLocations" */;
			buildPhases = (
				5CA79FCB265E43BB00D109FD /* Sources */,
				5CA79FCC265E43BB00D109FD /* Frameworks */,
				5CA79FCD265E43BB00D109FD /* Resources */,
			);
			buildRules = (
			);
			dependencies = (
			);
			name = MyLocations;
			productName = MyLocations;
			productReference = 5CA79FCF265E43BB00D109FD /* MyLocations.app */;
			productType = "com.apple.product-type.application";
		};
/* End PBXNativeTarget section */

/* Begin PBXProject section */
		5CA79FC7265E43BB00D109FD /* Project object */ = {
			isa = PBXProject;
			attributes = {
				LastSwiftUpdateCheck = 1250;
				LastUpgradeCheck = 1250;
				TargetAttributes = {
					5CA79FCE265E43BB00D109FD = {
						CreatedOnToolsVersion = 12.5;
					};
				};
			};
			buildConfigurationList = 5CA79FCA265E43BB00D109FD /* Build configuration list for PBXProject "MyLocations" */;
			compatibilityVersion = "Xcode 9.3";
			developmentRegion = en;
			hasScannedForEncodings = 0;
			knownRegions = (
				en,
				Base,
			);
			mainGroup = 5CA79FC6265E43BB00D109FD;
			productRefGroup = 5CA79FD0265E43BB00D109FD /* Products */;
			projectDirPath = "";
			projectRoot = "";
			targets = (
				5CA79FCE265E43BB00D109FD /* MyLocations */,
			);
		};
/* End PBXProject section */

/* Begin PBXResourcesBuildPhase section */
		5CA79FCD265E43BB00D109FD /* Resources */ = {
			isa = PBXResourcesBuildPhase;
			buildActionMask = 2147483647;
			files = (
				5CA79FE2265E43BE00D109FD /* LaunchScreen.storyboard in Resources */,
				5CA79FDF265E43BE00D109FD /* Assets.xcassets in Resources */,
				5CA79FDA265E43BB00D109FD /* Main.storyboard in Resources */,
			);
			runOnlyForDeploymentPostprocessing = 0;
		};
/* End PBXResourcesBuildPhase section */

/* Begin PBXSourcesBuildPhase section */
		5CA79FCB265E43BB00D109FD /* Sources */ = {
			isa = PBXSourcesBuildPhase;
			buildActionMask = 2147483647;
			files = (
				5CA79FEC26600B3700D109FD /* CategoryPickerViewController.swift in Sources */,
				5CA79FD7265E43BB00D109FD /* CurrentLocationViewController.swift in Sources */,
				5CA79FD3265E43BB00D109FD /* AppDelegate.swift in Sources */,
				5C7F70CA26611D8E005AC733 /* Functions.swift in Sources */,
				5C7F70D026624AE0005AC733 /* LocationsViewController.swift in Sources */,
				5C7F70CE26613AFA005AC733 /* Location+CoreDataProperties.swift in Sources */,
				5C7F70D2266257F6005AC733 /* LocationCell.swift in Sources */,
				5CA79FDD265E43BB00D109FD /* MyLocations.xcdatamodeld in Sources */,
				5CA79FD5265E43BB00D109FD /* SceneDelegate.swift in Sources */,
				5C7F70CD26613AFA005AC733 /* Location+CoreDataClass.swift in Sources */,
				5C7F70C82660FB43005AC733 /* HudView.swift in Sources */,
				5CA79FEA265FDC9000D109FD /* LocationDetailsViewController.swift in Sources */,
			);
			runOnlyForDeploymentPostprocessing = 0;
		};
/* End PBXSourcesBuildPhase section */

/* Begin PBXVariantGroup section */
		5CA79FD8265E43BB00D109FD /* Main.storyboard */ = {
			isa = PBXVariantGroup;
			children = (
				5CA79FD9265E43BB00D109FD /* Base */,
			);
			name = Main.storyboard;
			sourceTree = "<group>";
		};
		5CA79FE0265E43BE00D109FD /* LaunchScreen.storyboard */ = {
			isa = PBXVariantGroup;
			children = (
				5CA79FE1265E43BE00D109FD /* Base */,
			);
			name = LaunchScreen.storyboard;
			sourceTree = "<group>";
		};
/* End PBXVariantGroup section */

/* Begin XCBuildConfiguration section */
		5CA79FE4265E43BE00D109FD /* Debug */ = {
			isa = XCBuildConfiguration;
			buildSettings = {
				ALWAYS_SEARCH_USER_PATHS = NO;
				CLANG_ANALYZER_NONNULL = YES;
				CLANG_ANALYZER_NUMBER_OBJECT_CONVERSION = YES_AGGRESSIVE;
				CLANG_CXX_LANGUAGE_STANDARD = "gnu++14";
				CLANG_CXX_LIBRARY = "libc++";
				CLANG_ENABLE_MODULES = YES;
				CLANG_ENABLE_OBJC_ARC = YES;
				CLANG_ENABLE_OBJC_WEAK = YES;
				CLANG_WARN_BLOCK_CAPTURE_AUTORELEASING = YES;
				CLANG_WARN_BOOL_CONVERSION = YES;
				CLANG_WARN_COMMA = YES;
				CLANG_WARN_CONSTANT_CONVERSION = YES;
				CLANG_WARN_DEPRECATED_OBJC_IMPLEMENTATIONS = YES;
				CLANG_WARN_DIRECT_OBJC_ISA_USAGE = YES_ERROR;
				CLANG_WARN_DOCUMENTATION_COMMENTS = YES;
				CLANG_WARN_EMPTY_BODY = YES;
				CLANG_WARN_ENUM_CONVERSION = YES;
				CLANG_WARN_INFINITE_RECURSION = YES;
				CLANG_WARN_INT_CONVERSION = YES;
				CLANG_WARN_NON_LITERAL_NULL_CONVERSION = YES;
				CLANG_WARN_OBJC_IMPLICIT_RETAIN_SELF = YES;
				CLANG_WARN_OBJC_LITERAL_CONVERSION = YES;
				CLANG_WARN_OBJC_ROOT_CLASS = YES_ERROR;
				CLANG_WARN_QUOTED_INCLUDE_IN_FRAMEWORK_HEADER = YES;
				CLANG_WARN_RANGE_LOOP_ANALYSIS = YES;
				CLANG_WARN_STRICT_PROTOTYPES = YES;
				CLANG_WARN_SUSPICIOUS_MOVE = YES;
				CLANG_WARN_UNGUARDED_AVAILABILITY = YES_AGGRESSIVE;
				CLANG_WARN_UNREACHABLE_CODE = YES;
				CLANG_WARN__DUPLICATE_METHOD_MATCH = YES;
				COPY_PHASE_STRIP = NO;
				DEBUG_INFORMATION_FORMAT = dwarf;
				ENABLE_STRICT_OBJC_MSGSEND = YES;
				ENABLE_TESTABILITY = YES;
				GCC_C_LANGUAGE_STANDARD = gnu11;
				GCC_DYNAMIC_NO_PIC = NO;
				GCC_NO_COMMON_BLOCKS = YES;
				GCC_OPTIMIZATION_LEVEL = 0;
				GCC_PREPROCESSOR_DEFINITIONS = (
					"DEBUG=1",
					"$(inherited)",
				);
				GCC_WARN_64_TO_32_BIT_CONVERSION = YES;
				GCC_WARN_ABOUT_RETURN_TYPE = YES_ERROR;
				GCC_WARN_UNDECLARED_SELECTOR = YES;
				GCC_WARN_UNINITIALIZED_AUTOS = YES_AGGRESSIVE;
				GCC_WARN_UNUSED_FUNCTION = YES;
				GCC_WARN_UNUSED_VARIABLE = YES;
				IPHONEOS_DEPLOYMENT_TARGET = 14.5;
				MTL_ENABLE_DEBUG_INFO = INCLUDE_SOURCE;
				MTL_FAST_MATH = YES;
				ONLY_ACTIVE_ARCH = YES;
				SDKROOT = iphoneos;
				SWIFT_ACTIVE_COMPILATION_CONDITIONS = DEBUG;
				SWIFT_OPTIMIZATION_LEVEL = "-Onone";
			};
			name = Debug;
		};
		5CA79FE5265E43BE00D109FD /* Release */ = {
			isa = XCBuildConfiguration;
			buildSettings = {
				ALWAYS_SEARCH_USER_PATHS = NO;
				CLANG_ANALYZER_NONNULL = YES;
				CLANG_ANALYZER_NUMBER_OBJECT_CONVERSION = YES_AGGRESSIVE;
				CLANG_CXX_LANGUAGE_STANDARD = "gnu++14";
				CLANG_CXX_LIBRARY = "libc++";
				CLANG_ENABLE_MODULES = YES;
				CLANG_ENABLE_OBJC_ARC = YES;
				CLANG_ENABLE_OBJC_WEAK = YES;
				CLANG_WARN_BLOCK_CAPTURE_AUTORELEASING = YES;
				CLANG_WARN_BOOL_CONVERSION = YES;
				CLANG_WARN_COMMA = YES;
				CLANG_WARN_CONSTANT_CONVERSION = YES;
				CLANG_WARN_DEPRECATED_OBJC_IMPLEMENTATIONS = YES;
				CLANG_WARN_DIRECT_OBJC_ISA_USAGE = YES_ERROR;
				CLANG_WARN_DOCUMENTATION_COMMENTS = YES;
				CLANG_WARN_EMPTY_BODY = YES;
				CLANG_WARN_ENUM_CONVERSION = YES;
				CLANG_WARN_INFINITE_RECURSION = YES;
				CLANG_WARN_INT_CONVERSION = YES;
				CLANG_WARN_NON_LITERAL_NULL_CONVERSION = YES;
				CLANG_WARN_OBJC_IMPLICIT_RETAIN_SELF = YES;
				CLANG_WARN_OBJC_LITERAL_CONVERSION = YES;
				CLANG_WARN_OBJC_ROOT_CLASS = YES_ERROR;
				CLANG_WARN_QUOTED_INCLUDE_IN_FRAMEWORK_HEADER = YES;
				CLANG_WARN_RANGE_LOOP_ANALYSIS = YES;
				CLANG_WARN_STRICT_PROTOTYPES = YES;
				CLANG_WARN_SUSPICIOUS_MOVE = YES;
				CLANG_WARN_UNGUARDED_AVAILABILITY = YES_AGGRESSIVE;
				CLANG_WARN_UNREACHABLE_CODE = YES;
				CLANG_WARN__DUPLICATE_METHOD_MATCH = YES;
				COPY_PHASE_STRIP = NO;
				DEBUG_INFORMATION_FORMAT = "dwarf-with-dsym";
				ENABLE_NS_ASSERTIONS = NO;
				ENABLE_STRICT_OBJC_MSGSEND = YES;
				GCC_C_LANGUAGE_STANDARD = gnu11;
				GCC_NO_COMMON_BLOCKS = YES;
				GCC_WARN_64_TO_32_BIT_CONVERSION = YES;
				GCC_WARN_ABOUT_RETURN_TYPE = YES_ERROR;
				GCC_WARN_UNDECLARED_SELECTOR = YES;
				GCC_WARN_UNINITIALIZED_AUTOS = YES_AGGRESSIVE;
				GCC_WARN_UNUSED_FUNCTION = YES;
				GCC_WARN_UNUSED_VARIABLE = YES;
				IPHONEOS_DEPLOYMENT_TARGET = 14.5;
				MTL_ENABLE_DEBUG_INFO = NO;
				MTL_FAST_MATH = YES;
				SDKROOT = iphoneos;
				SWIFT_COMPILATION_MODE = wholemodule;
				SWIFT_OPTIMIZATION_LEVEL = "-O";
				VALIDATE_PRODUCT = YES;
			};
			name = Release;
		};
		5CA79FE7265E43BE00D109FD /* Debug */ = {
			isa = XCBuildConfiguration;
			buildSettings = {
				ASSETCATALOG_COMPILER_APPICON_NAME = AppIcon;
				ASSETCATALOG_COMPILER_GLOBAL_ACCENT_COLOR_NAME = AccentColor;
				CODE_SIGN_STYLE = Automatic;
				DEVELOPMENT_TEAM = 42D78766UF;
				INFOPLIST_FILE = MyLocations/Info.plist;
				IPHONEOS_DEPLOYMENT_TARGET = 14.1;
				LD_RUNPATH_SEARCH_PATHS = (
					"$(inherited)",
					"@executable_path/Frameworks",
				);
				PRODUCT_BUNDLE_IDENTIFIER = com.manusafarov.MyLocations;
				PRODUCT_NAME = "$(TARGET_NAME)";
				SWIFT_VERSION = 5.0;
				TARGETED_DEVICE_FAMILY = "1,2";
			};
			name = Debug;
		};
		5CA79FE8265E43BE00D109FD /* Release */ = {
			isa = XCBuildConfiguration;
			buildSettings = {
				ASSETCATALOG_COMPILER_APPICON_NAME = AppIcon;
				ASSETCATALOG_COMPILER_GLOBAL_ACCENT_COLOR_NAME = AccentColor;
				CODE_SIGN_STYLE = Automatic;
				DEVELOPMENT_TEAM = 42D78766UF;
				INFOPLIST_FILE = MyLocations/Info.plist;
				IPHONEOS_DEPLOYMENT_TARGET = 14.1;
				LD_RUNPATH_SEARCH_PATHS = (
					"$(inherited)",
					"@executable_path/Frameworks",
				);
				PRODUCT_BUNDLE_IDENTIFIER = com.manusafarov.MyLocations;
				PRODUCT_NAME = "$(TARGET_NAME)";
				SWIFT_VERSION = 5.0;
				TARGETED_DEVICE_FAMILY = "1,2";
			};
			name = Release;
		};
/* End XCBuildConfiguration section */

/* Begin XCConfigurationList section */
		5CA79FCA265E43BB00D109FD /* Build configuration list for PBXProject "MyLocations" */ = {
			isa = XCConfigurationList;
			buildConfigurations = (
				5CA79FE4265E43BE00D109FD /* Debug */,
				5CA79FE5265E43BE00D109FD /* Release */,
			);
			defaultConfigurationIsVisible = 0;
			defaultConfigurationName = Release;
		};
		5CA79FE6265E43BE00D109FD /* Build configuration list for PBXNativeTarget "MyLocations" */ = {
			isa = XCConfigurationList;
			buildConfigurations = (
				5CA79FE7265E43BE00D109FD /* Debug */,
				5CA79FE8265E43BE00D109FD /* Release */,
			);
			defaultConfigurationIsVisible = 0;
			defaultConfigurationName = Release;
		};
/* End XCConfigurationList section */

/* Begin XCVersionGroup section */
		5CA79FDB265E43BB00D109FD /* MyLocations.xcdatamodeld */ = {
			isa = XCVersionGroup;
			children = (
				5CA79FDC265E43BB00D109FD /* MyLocations.xcdatamodel */,
			);
			currentVersion = 5CA79FDC265E43BB00D109FD /* MyLocations.xcdatamodel */;
			path = MyLocations.xcdatamodeld;
			sourceTree = "<group>";
			versionGroupType = wrapper.xcdatamodel;
		};
/* End XCVersionGroup section */
	};
	rootObject = 5CA79FC7265E43BB00D109FD /* Project object */;
}
